
Microsoft Visual Studio Solution File, Format Version 12.00
# Visual Studio Version 17
VisualStudioVersion = 17.5.33530.505
MinimumVisualStudioVersion = 10.0.40219.1
Project("{FAE04EC0-301F-11D3-BF4B-00C04F79EFBC}") = "MyCalculator", "MyCalculator\MyCalculator.csproj", "{2D4C2789-9EEA-40BF-996A-53045B4583B4}"
EndProject
Global
	GlobalSection(SolutionConfigurationPlatforms) = preSolution
		Debug|Any CPU = Debug|Any CPU
		Release|Any CPU = Release|Any CPU
	EndGlobalSection
	GlobalSection(ProjectConfigurationPlatforms) = postSolution
		{2D4C2789-9EEA-40BF-996A-53045B4583B4}.Debug|Any CPU.ActiveCfg = Debug|Any CPU
		{2D4C2789-9EEA-40BF-996A-53045B4583B4}.Debug|Any CPU.Build.0 = Debug|Any CPU
		{2D4C2789-9EEA-40BF-996A-53045B4583B4}.Release|Any CPU.ActiveCfg = Release|Any CPU
		{2D4C2789-9EEA-40BF-996A-53045B4583B4}.Release|Any CPU.Build.0 = Release|Any CPU
	EndGlobalSection
	GlobalSection(SolutionProperties) = preSolution
		HideSolutionNode = FALSE
	EndGlobalSection
	GlobalSection(ExtensibilityGlobals) = postSolution
		SolutionGuid = {3793D2C2-844D-4081-BF48-51D938E876AF}
	EndGlobalSection
EndGlobal
